
Microsoft Visual Studio Solution File, Format Version 12.00
# Visual Studio 2013
VisualStudioVersion = 12.0.40629.0
MinimumVisualStudioVersion = 10.0.40219.1
Project("{F184B08F-C81C-45F6-A57F-5ABD9991F28F}") = "Framework.Lipshitz", "FrameworkLipshitz.vbproj", "{988A1D51-9A89-4E3A-9F0E-967D399C1C41}"
EndProject
Project("{F184B08F-C81C-45F6-A57F-5ABD9991F28F}") = "TestProject1", "TestProject1\TestProject1.vbproj", "{2D92E372-9247-4619-8F25-C3A4B3275A83}"
EndProject
Project("{2150E333-8FDC-42A3-9474-1A3956D46DE8}") = "Solution Items", "Solution Items", "{762233D6-F996-4224-A3AE-996A386CB0E1}"
	ProjectSection(SolutionItems) = preProject
		Framework.Lipshitz.vsmdi = Framework.Lipshitz.vsmdi
		Local.testsettings = Local.testsettings
		TraceAndTestImpact.testsettings = TraceAndTestImpact.testsettings
	EndProjectSection
EndProject
Global
	GlobalSection(SolutionConfigurationPlatforms) = preSolution
		Debug|Any CPU = Debug|Any CPU
		Debug|Mixed Platforms = Debug|Mixed Platforms
		Debug|x86 = Debug|x86
		Release|Any CPU = Release|Any CPU
		Release|Mixed Platforms = Release|Mixed Platforms
		Release|x86 = Release|x86
	EndGlobalSection
	GlobalSection(ProjectConfigurationPlatforms) = postSolution
		{988A1D51-9A89-4E3A-9F0E-967D399C1C41}.Debug|Any CPU.ActiveCfg = Debug|Any CPU
		{988A1D51-9A89-4E3A-9F0E-967D399C1C41}.Debug|Any CPU.Build.0 = Debug|Any CPU
		{988A1D51-9A89-4E3A-9F0E-967D399C1C41}.Debug|Mixed Platforms.ActiveCfg = Debug|Any CPU
		{988A1D51-9A89-4E3A-9F0E-967D399C1C41}.Debug|Mixed Platforms.Build.0 = Debug|Any CPU
		{988A1D51-9A89-4E3A-9F0E-967D399C1C41}.Debug|x86.ActiveCfg = Debug|Any CPU
		{988A1D51-9A89-4E3A-9F0E-967D399C1C41}.Release|Any CPU.ActiveCfg = Release|Any CPU
		{988A1D51-9A89-4E3A-9F0E-967D399C1C41}.Release|Any CPU.Build.0 = Release|Any CPU
		{988A1D51-9A89-4E3A-9F0E-967D399C1C41}.Release|Mixed Platforms.ActiveCfg = Release|Any CPU
		{988A1D51-9A89-4E3A-9F0E-967D399C1C41}.Release|Mixed Platforms.Build.0 = Release|Any CPU
		{988A1D51-9A89-4E3A-9F0E-967D399C1C41}.Release|x86.ActiveCfg = Release|Any CPU
		{2D92E372-9247-4619-8F25-C3A4B3275A83}.Debug|Any CPU.ActiveCfg = Debug|Any CPU
		{2D92E372-9247-4619-8F25-C3A4B3275A83}.Debug|Any CPU.Build.0 = Debug|Any CPU
		{2D92E372-9247-4619-8F25-C3A4B3275A83}.Debug|Mixed Platforms.ActiveCfg = Debug|Any CPU
		{2D92E372-9247-4619-8F25-C3A4B3275A83}.Debug|Mixed Platforms.Build.0 = Debug|Any CPU
		{2D92E372-9247-4619-8F25-C3A4B3275A83}.Debug|x86.ActiveCfg = Debug|Any CPU
		{2D92E372-9247-4619-8F25-C3A4B3275A83}.Release|Any CPU.ActiveCfg = Release|Any CPU
		{2D92E372-9247-4619-8F25-C3A4B3275A83}.Release|Any CPU.Build.0 = Release|Any CPU
		{2D92E372-9247-4619-8F25-C3A4B3275A83}.Release|Mixed Platforms.ActiveCfg = Release|Any CPU
		{2D92E372-9247-4619-8F25-C3A4B3275A83}.Release|Mixed Platforms.Build.0 = Release|Any CPU
		{2D92E372-9247-4619-8F25-C3A4B3275A83}.Release|x86.ActiveCfg = Release|Any CPU
	EndGlobalSection
	GlobalSection(SolutionProperties) = preSolution
		HideSolutionNode = FALSE
	EndGlobalSection
	GlobalSection(TestCaseManagementSettings) = postSolution
		CategoryFile = Framework.Lipshitz.vsmdi
	EndGlobalSection
EndGlobal
